
Microsoft Visual Studio Solution File, Format Version 12.00
# Visual Studio 15
VisualStudioVersion = 15.0.27703.2018
MinimumVisualStudioVersion = 10.0.40219.1
Project("{FAE04EC0-301F-11D3-BF4B-00C04F79EFBC}") = "Facade.Android", "Facade\Facade.Android\Facade.Android.csproj", "{B18F0C0E-FF77-45E0-92A0-043FA1CDFA5C}"
EndProject
Project("{FAE04EC0-301F-11D3-BF4B-00C04F79EFBC}") = "Facade.iOS", "Facade\Facade.iOS\Facade.iOS.csproj", "{F00CD199-4E9D-4A96-B1A4-055845F83CCC}"
EndProject
Project("{FAE04EC0-301F-11D3-BF4B-00C04F79EFBC}") = "Facade.UWP", "Facade\Facade.UWP\Facade.UWP.csproj", "{CEDA88E5-9428-45C0-83BA-65D056F91068}"
EndProject
Project("{FAE04EC0-301F-11D3-BF4B-00C04F79EFBC}") = "Facade", "Facade\Facade\Facade.csproj", "{D470C952-BAC2-479E-B05B-BC784D13DCE3}"
EndProject
Global
	GlobalSection(SolutionConfigurationPlatforms) = preSolution
		Ad-Hoc|Any CPU = Ad-Hoc|Any CPU
		Ad-Hoc|ARM = Ad-Hoc|ARM
		Ad-Hoc|iPhone = Ad-Hoc|iPhone
		Ad-Hoc|iPhoneSimulator = Ad-Hoc|iPhoneSimulator
		Ad-Hoc|x64 = Ad-Hoc|x64
		Ad-Hoc|x86 = Ad-Hoc|x86
		AppStore|Any CPU = AppStore|Any CPU
		AppStore|ARM = AppStore|ARM
		AppStore|iPhone = AppStore|iPhone
		AppStore|iPhoneSimulator = AppStore|iPhoneSimulator
		AppStore|x64 = AppStore|x64
		AppStore|x86 = AppStore|x86
		Debug|Any CPU = Debug|Any CPU
		Debug|ARM = Debug|ARM
		Debug|iPhone = Debug|iPhone
		Debug|iPhoneSimulator = Debug|iPhoneSimulator
		Debug|x64 = Debug|x64
		Debug|x86 = Debug|x86
		Release|Any CPU = Release|Any CPU
		Release|ARM = Release|ARM
		Release|iPhone = Release|iPhone
		Release|iPhoneSimulator = Release|iPhoneSimulator
		Release|x64 = Release|x64
		Release|x86 = Release|x86
	EndGlobalSection
	GlobalSection(ProjectConfigurationPlatforms) = postSolution
		{B18F0C0E-FF77-45E0-92A0-043FA1CDFA5C}.Ad-Hoc|Any CPU.ActiveCfg = Release|Any CPU
		{B18F0C0E-FF77-45E0-92A0-043FA1CDFA5C}.Ad-Hoc|Any CPU.Build.0 = Release|Any CPU
		{B18F0C0E-FF77-45E0-92A0-043FA1CDFA5C}.Ad-Hoc|Any CPU.Deploy.0 = Release|Any CPU
		{B18F0C0E-FF77-45E0-92A0-043FA1CDFA5C}.Ad-Hoc|ARM.ActiveCfg = Release|Any CPU
		{B18F0C0E-FF77-45E0-92A0-043FA1CDFA5C}.Ad-Hoc|ARM.Build.0 = Release|Any CPU
		{B18F0C0E-FF77-45E0-92A0-043FA1CDFA5C}.Ad-Hoc|ARM.Deploy.0 = Release|Any CPU
		{B18F0C0E-FF77-45E0-92A0-043FA1CDFA5C}.Ad-Hoc|iPhone.ActiveCfg = Release|Any CPU
		{B18F0C0E-FF77-45E0-92A0-043FA1CDFA5C}.Ad-Hoc|iPhone.Build.0 = Release|Any CPU
		{B18F0C0E-FF77-45E0-92A0-043FA1CDFA5C}.Ad-Hoc|iPhone.Deploy.0 = Release|Any CPU
		{B18F0C0E-FF77-45E0-92A0-043FA1CDFA5C}.Ad-Hoc|iPhoneSimulator.ActiveCfg = Release|Any CPU
		{B18F0C0E-FF77-45E0-92A0-043FA1CDFA5C}.Ad-Hoc|iPhoneSimulator.Build.0 = Release|Any CPU
		{B18F0C0E-FF77-45E0-92A0-043FA1CDFA5C}.Ad-Hoc|iPhoneSimulator.Deploy.0 = Release|Any CPU
		{B18F0C0E-FF77-45E0-92A0-043FA1CDFA5C}.Ad-Hoc|x64.ActiveCfg = Release|Any CPU
		{B18F0C0E-FF77-45E0-92A0-043FA1CDFA5C}.Ad-Hoc|x64.Build.0 = Release|Any CPU
		{B18F0C0E-FF77-45E0-92A0-043FA1CDFA5C}.Ad-Hoc|x64.Deploy.0 = Release|Any CPU
		{B18F0C0E-FF77-45E0-92A0-043FA1CDFA5C}.Ad-Hoc|x86.ActiveCfg = Release|Any CPU
		{B18F0C0E-FF77-45E0-92A0-043FA1CDFA5C}.Ad-Hoc|x86.Build.0 = Release|Any CPU
		{B18F0C0E-FF77-45E0-92A0-043FA1CDFA5C}.Ad-Hoc|x86.Deploy.0 = Release|Any CPU
		{B18F0C0E-FF77-45E0-92A0-043FA1CDFA5C}.AppStore|Any CPU.ActiveCfg = Release|Any CPU
		{B18F0C0E-FF77-45E0-92A0-043FA1CDFA5C}.AppStore|Any CPU.Build.0 = Release|Any CPU
		{B18F0C0E-FF77-45E0-92A0-043FA1CDFA5C}.AppStore|Any CPU.Deploy.0 = Release|Any CPU
		{B18F0C0E-FF77-45E0-92A0-043FA1CDFA5C}.AppStore|ARM.ActiveCfg = Release|Any CPU
		{B18F0C0E-FF77-45E0-92A0-043FA1CDFA5C}.AppStore|ARM.Build.0 = Release|Any CPU
		{B18F0C0E-FF77-45E0-92A0-043FA1CDFA5C}.AppStore|ARM.Deploy.0 = Release|Any CPU
		{B18F0C0E-FF77-45E0-92A0-043FA1CDFA5C}.AppStore|iPhone.ActiveCfg = Release|Any CPU
		{B18F0C0E-FF77-45E0-92A0-043FA1CDFA5C}.AppStore|iPhone.Build.0 = Release|Any CPU
		{B18F0C0E-FF77-45E0-92A0-043FA1CDFA5C}.AppStore|iPhone.Deploy.0 = Release|Any CPU
		{B18F0C0E-FF77-45E0-92A0-043FA1CDFA5C}.AppStore|iPhoneSimulator.ActiveCfg = Release|Any CPU
		{B18F0C0E-FF77-45E0-92A0-043FA1CDFA5C}.AppStore|iPhoneSimulator.Build.0 = Release|Any CPU
		{B18F0C0E-FF77-45E0-92A0-043FA1CDFA5C}.AppStore|iPhoneSimulator.Deploy.0 = Release|Any CPU
		{B18F0C0E-FF77-45E0-92A0-043FA1CDFA5C}.AppStore|x64.ActiveCfg = Release|Any CPU
		{B18F0C0E-FF77-45E0-92A0-043FA1CDFA5C}.AppStore|x64.Build.0 = Release|Any CPU
		{B18F0C0E-FF77-45E0-92A0-043FA1CDFA5C}.AppStore|x64.Deploy.0 = Release|Any CPU
		{B18F0C0E-FF77-45E0-92A0-043FA1CDFA5C}.AppStore|x86.ActiveCfg = Release|Any CPU
		{B18F0C0E-FF77-45E0-92A0-043FA1CDFA5C}.AppStore|x86.Build.0 = Release|Any CPU
		{B18F0C0E-FF77-45E0-92A0-043FA1CDFA5C}.AppStore|x86.Deploy.0 = Release|Any CPU
		{B18F0C0E-FF77-45E0-92A0-043FA1CDFA5C}.Debug|Any CPU.ActiveCfg = Debug|Any CPU
		{B18F0C0E-FF77-45E0-92A0-043FA1CDFA5C}.Debug|Any CPU.Build.0 = Debug|Any CPU
		{B18F0C0E-FF77-45E0-92A0-043FA1CDFA5C}.Debug|Any CPU.Deploy.0 = Debug|Any CPU
		{B18F0C0E-FF77-45E0-92A0-043FA1CDFA5C}.Debug|ARM.ActiveCfg = Debug|Any CPU
		{B18F0C0E-FF77-45E0-92A0-043FA1CDFA5C}.Debug|ARM.Build.0 = Debug|Any CPU
		{B18F0C0E-FF77-45E0-92A0-043FA1CDFA5C}.Debug|ARM.Deploy.0 = Debug|Any CPU
		{B18F0C0E-FF77-45E0-92A0-043FA1CDFA5C}.Debug|iPhone.ActiveCfg = Debug|Any CPU
		{B18F0C0E-FF77-45E0-92A0-043FA1CDFA5C}.Debug|iPhone.Build.0 = Debug|Any CPU
		{B18F0C0E-FF77-45E0-92A0-043FA1CDFA5C}.Debug|iPhone.Deploy.0 = Debug|Any CPU
		{B18F0C0E-FF77-45E0-92A0-043FA1CDFA5C}.Debug|iPhoneSimulator.ActiveCfg = Debug|Any CPU
		{B18F0C0E-FF77-45E0-92A0-043FA1CDFA5C}.Debug|iPhoneSimulator.Build.0 = Debug|Any CPU
		{B18F0C0E-FF77-45E0-92A0-043FA1CDFA5C}.Debug|iPhoneSimulator.Deploy.0 = Debug|Any CPU
		{B18F0C0E-FF77-45E0-92A0-043FA1CDFA5C}.Debug|x64.ActiveCfg = Debug|Any CPU
		{B18F0C0E-FF77-45E0-92A0-043FA1CDFA5C}.Debug|x64.Build.0 = Debug|Any CPU
		{B18F0C0E-FF77-45E0-92A0-043FA1CDFA5C}.Debug|x64.Deploy.0 = Debug|Any CPU
		{B18F0C0E-FF77-45E0-92A0-043FA1CDFA5C}.Debug|x86.ActiveCfg = Debug|Any CPU
		{B18F0C0E-FF77-45E0-92A0-043FA1CDFA5C}.Debug|x86.Build.0 = Debug|Any CPU
		{B18F0C0E-FF77-45E0-92A0-043FA1CDFA5C}.Debug|x86.Deploy.0 = Debug|Any CPU
		{B18F0C0E-FF77-45E0-92A0-043FA1CDFA5C}.Release|Any CPU.ActiveCfg = Release|Any CPU
		{B18F0C0E-FF77-45E0-92A0-043FA1CDFA5C}.Release|Any CPU.Build.0 = Release|Any CPU
		{B18F0C0E-FF77-45E0-92A0-043FA1CDFA5C}.Release|Any CPU.Deploy.0 = Release|Any CPU
		{B18F0C0E-FF77-45E0-92A0-043FA1CDFA5C}.Release|ARM.ActiveCfg = Release|Any CPU
		{B18F0C0E-FF77-45E0-92A0-043FA1CDFA5C}.Release|ARM.Build.0 = Release|Any CPU
		{B18F0C0E-FF77-45E0-92A0-043FA1CDFA5C}.Release|ARM.Deploy.0 = Release|Any CPU
		{B18F0C0E-FF77-45E0-92A0-043FA1CDFA5C}.Release|iPhone.ActiveCfg = Release|Any CPU
		{B18F0C0E-FF77-45E0-92A0-043FA1CDFA5C}.Release|iPhone.Build.0 = Release|Any CPU
		{B18F0C0E-FF77-45E0-92A0-043FA1CDFA5C}.Release|iPhone.Deploy.0 = Release|Any CPU
		{B18F0C0E-FF77-45E0-92A0-043FA1CDFA5C}.Release|iPhoneSimulator.ActiveCfg = Release|Any CPU
		{B18F0C0E-FF77-45E0-92A0-043FA1CDFA5C}.Release|iPhoneSimulator.Build.0 = Release|Any CPU
		{B18F0C0E-FF77-45E0-92A0-043FA1CDFA5C}.Release|iPhoneSimulator.Deploy.0 = Release|Any CPU
		{B18F0C0E-FF77-45E0-92A0-043FA1CDFA5C}.Release|x64.ActiveCfg = Release|Any CPU
		{B18F0C0E-FF77-45E0-92A0-043FA1CDFA5C}.Release|x64.Build.0 = Release|Any CPU
		{B18F0C0E-FF77-45E0-92A0-043FA1CDFA5C}.Release|x64.Deploy.0 = Release|Any CPU
		{B18F0C0E-FF77-45E0-92A0-043FA1CDFA5C}.Release|x86.ActiveCfg = Release|Any CPU
		{B18F0C0E-FF77-45E0-92A0-043FA1CDFA5C}.Release|x86.Build.0 = Release|Any CPU
		{B18F0C0E-FF77-45E0-92A0-043FA1CDFA5C}.Release|x86.Deploy.0 = Release|Any CPU
		{F00CD199-4E9D-4A96-B1A4-055845F83CCC}.Ad-Hoc|Any CPU.ActiveCfg = Ad-Hoc|iPhone
		{F00CD199-4E9D-4A96-B1A4-055845F83CCC}.Ad-Hoc|Any CPU.Build.0 = Ad-Hoc|iPhone
		{F00CD199-4E9D-4A96-B1A4-055845F83CCC}.Ad-Hoc|Any CPU.Deploy.0 = Ad-Hoc|iPhone
		{F00CD199-4E9D-4A96-B1A4-055845F83CCC}.Ad-Hoc|ARM.ActiveCfg = Ad-Hoc|iPhone
		{F00CD199-4E9D-4A96-B1A4-055845F83CCC}.Ad-Hoc|ARM.Build.0 = Ad-Hoc|iPhone
		{F00CD199-4E9D-4A96-B1A4-055845F83CCC}.Ad-Hoc|ARM.Deploy.0 = Ad-Hoc|iPhone
		{F00CD199-4E9D-4A96-B1A4-055845F83CCC}.Ad-Hoc|iPhone.ActiveCfg = Ad-Hoc|iPhone
		{F00CD199-4E9D-4A96-B1A4-055845F83CCC}.Ad-Hoc|iPhone.Build.0 = Ad-Hoc|iPhone
		{F00CD199-4E9D-4A96-B1A4-055845F83CCC}.Ad-Hoc|iPhone.Deploy.0 = Ad-Hoc|iPhone
		{F00CD199-4E9D-4A96-B1A4-055845F83CCC}.Ad-Hoc|iPhoneSimulator.ActiveCfg = Ad-Hoc|iPhoneSimulator
		{F00CD199-4E9D-4A96-B1A4-055845F83CCC}.Ad-Hoc|iPhoneSimulator.Build.0 = Ad-Hoc|iPhoneSimulator
		{F00CD199-4E9D-4A96-B1A4-055845F83CCC}.Ad-Hoc|iPhoneSimulator.Deploy.0 = Ad-Hoc|iPhoneSimulator
		{F00CD199-4E9D-4A96-B1A4-055845F83CCC}.Ad-Hoc|x64.ActiveCfg = Ad-Hoc|iPhone
		{F00CD199-4E9D-4A96-B1A4-055845F83CCC}.Ad-Hoc|x64.Build.0 = Ad-Hoc|iPhone
		{F00CD199-4E9D-4A96-B1A4-055845F83CCC}.Ad-Hoc|x64.Deploy.0 = Ad-Hoc|iPhone
		{F00CD199-4E9D-4A96-B1A4-055845F83CCC}.Ad-Hoc|x86.ActiveCfg = Ad-Hoc|iPhone
		{F00CD199-4E9D-4A96-B1A4-055845F83CCC}.Ad-Hoc|x86.Build.0 = Ad-Hoc|iPhone
		{F00CD199-4E9D-4A96-B1A4-055845F83CCC}.Ad-Hoc|x86.Deploy.0 = Ad-Hoc|iPhone
		{F00CD199-4E9D-4A96-B1A4-055845F83CCC}.AppStore|Any CPU.ActiveCfg = AppStore|iPhone
		{F00CD199-4E9D-4A96-B1A4-055845F83CCC}.AppStore|Any CPU.Build.0 = AppStore|iPhone
		{F00CD199-4E9D-4A96-B1A4-055845F83CCC}.AppStore|Any CPU.Deploy.0 = AppStore|iPhone
		{F00CD199-4E9D-4A96-B1A4-055845F83CCC}.AppStore|ARM.ActiveCfg = AppStore|iPhone
		{F00CD199-4E9D-4A96-B1A4-055845F83CCC}.AppStore|ARM.Build.0 = AppStore|iPhone
		{F00CD199-4E9D-4A96-B1A4-055845F83CCC}.AppStore|ARM.Deploy.0 = AppStore|iPhone
		{F00CD199-4E9D-4A96-B1A4-055845F83CCC}.AppStore|iPhone.ActiveCfg = AppStore|iPhone
		{F00CD199-4E9D-4A96-B1A4-055845F83CCC}.AppStore|iPhone.Build.0 = AppStore|iPhone
		{F00CD199-4E9D-4A96-B1A4-055845F83CCC}.AppStore|iPhone.Deploy.0 = AppStore|iPhone
		{F00CD199-4E9D-4A96-B1A4-055845F83CCC}.AppStore|iPhoneSimulator.ActiveCfg = AppStore|iPhoneSimulator
		{F00CD199-4E9D-4A96-B1A4-055845F83CCC}.AppStore|iPhoneSimulator.Build.0 = AppStore|iPhoneSimulator
		{F00CD199-4E9D-4A96-B1A4-055845F83CCC}.AppStore|iPhoneSimulator.Deploy.0 = AppStore|iPhoneSimulator
		{F00CD199-4E9D-4A96-B1A4-055845F83CCC}.AppStore|x64.ActiveCfg = AppStore|iPhone
		{F00CD199-4E9D-4A96-B1A4-055845F83CCC}.AppStore|x64.Build.0 = AppStore|iPhone
		{F00CD199-4E9D-4A96-B1A4-055845F83CCC}.AppStore|x64.Deploy.0 = AppStore|iPhone
		{F00CD199-4E9D-4A96-B1A4-055845F83CCC}.AppStore|x86.ActiveCfg = AppStore|iPhone
		{F00CD199-4E9D-4A96-B1A4-055845F83CCC}.AppStore|x86.Build.0 = AppStore|iPhone
		{F00CD199-4E9D-4A96-B1A4-055845F83CCC}.AppStore|x86.Deploy.0 = AppStore|iPhone
		{F00CD199-4E9D-4A96-B1A4-055845F83CCC}.Debug|Any CPU.ActiveCfg = Debug|iPhoneSimulator
		{F00CD199-4E9D-4A96-B1A4-055845F83CCC}.Debug|Any CPU.Build.0 = Debug|iPhoneSimulator
		{F00CD199-4E9D-4A96-B1A4-055845F83CCC}.Debug|Any CPU.Deploy.0 = Debug|iPhoneSimulator
		{F00CD199-4E9D-4A96-B1A4-055845F83CCC}.Debug|ARM.ActiveCfg = Debug|iPhone
		{F00CD199-4E9D-4A96-B1A4-055845F83CCC}.Debug|ARM.Build.0 = Debug|iPhone
		{F00CD199-4E9D-4A96-B1A4-055845F83CCC}.Debug|ARM.Deploy.0 = Debug|iPhone
		{F00CD199-4E9D-4A96-B1A4-055845F83CCC}.Debug|iPhone.ActiveCfg = Debug|iPhone
		{F00CD199-4E9D-4A96-B1A4-055845F83CCC}.Debug|iPhone.Build.0 = Debug|iPhone
		{F00CD199-4E9D-4A96-B1A4-055845F83CCC}.Debug|iPhone.Deploy.0 = Debug|iPhone
		{F00CD199-4E9D-4A96-B1A4-055845F83CCC}.Debug|iPhoneSimulator.ActiveCfg = Debug|iPhoneSimulator
		{F00CD199-4E9D-4A96-B1A4-055845F83CCC}.Debug|iPhoneSimulator.Build.0 = Debug|iPhoneSimulator
		{F00CD199-4E9D-4A96-B1A4-055845F83CCC}.Debug|iPhoneSimulator.Deploy.0 = Debug|iPhoneSimulator
		{F00CD199-4E9D-4A96-B1A4-055845F83CCC}.Debug|x64.ActiveCfg = Debug|iPhone
		{F00CD199-4E9D-4A96-B1A4-055845F83CCC}.Debug|x64.Build.0 = Debug|iPhone
		{F00CD199-4E9D-4A96-B1A4-055845F83CCC}.Debug|x64.Deploy.0 = Debug|iPhone
		{F00CD199-4E9D-4A96-B1A4-055845F83CCC}.Debug|x86.ActiveCfg = Debug|iPhone
		{F00CD199-4E9D-4A96-B1A4-055845F83CCC}.Debug|x86.Build.0 = Debug|iPhone
		{F00CD199-4E9D-4A96-B1A4-055845F83CCC}.Debug|x86.Deploy.0 = Debug|iPhone
		{F00CD199-4E9D-4A96-B1A4-055845F83CCC}.Release|Any CPU.ActiveCfg = Release|iPhone
		{F00CD199-4E9D-4A96-B1A4-055845F83CCC}.Release|Any CPU.Build.0 = Release|iPhone
		{F00CD199-4E9D-4A96-B1A4-055845F83CCC}.Release|Any CPU.Deploy.0 = Release|iPhone
		{F00CD199-4E9D-4A96-B1A4-055845F83CCC}.Release|ARM.ActiveCfg = Release|iPhone
		{F00CD199-4E9D-4A96-B1A4-055845F83CCC}.Release|ARM.Build.0 = Release|iPhone
		{F00CD199-4E9D-4A96-B1A4-055845F83CCC}.Release|ARM.Deploy.0 = Release|iPhone
		{F00CD199-4E9D-4A96-B1A4-055845F83CCC}.Release|iPhone.ActiveCfg = Release|iPhone
		{F00CD199-4E9D-4A96-B1A4-055845F83CCC}.Release|iPhone.Build.0 = Release|iPhone
		{F00CD199-4E9D-4A96-B1A4-055845F83CCC}.Release|iPhone.Deploy.0 = Release|iPhone
		{F00CD199-4E9D-4A96-B1A4-055845F83CCC}.Release|iPhoneSimulator.ActiveCfg = Release|iPhoneSimulator
		{F00CD199-4E9D-4A96-B1A4-055845F83CCC}.Release|iPhoneSimulator.Build.0 = Release|iPhoneSimulator
		{F00CD199-4E9D-4A96-B1A4-055845F83CCC}.Release|iPhoneSimulator.Deploy.0 = Release|iPhoneSimulator
		{F00CD199-4E9D-4A96-B1A4-055845F83CCC}.Release|x64.ActiveCfg = Release|iPhone
		{F00CD199-4E9D-4A96-B1A4-055845F83CCC}.Release|x64.Build.0 = Release|iPhone
		{F00CD199-4E9D-4A96-B1A4-055845F83CCC}.Release|x64.Deploy.0 = Release|iPhone
		{F00CD199-4E9D-4A96-B1A4-055845F83CCC}.Release|x86.ActiveCfg = Release|iPhone
		{F00CD199-4E9D-4A96-B1A4-055845F83CCC}.Release|x86.Build.0 = Release|iPhone
		{F00CD199-4E9D-4A96-B1A4-055845F83CCC}.Release|x86.Deploy.0 = Release|iPhone
		{CEDA88E5-9428-45C0-83BA-65D056F91068}.Ad-Hoc|Any CPU.ActiveCfg = Release|x86
		{CEDA88E5-9428-45C0-83BA-65D056F91068}.Ad-Hoc|Any CPU.Build.0 = Release|x86
		{CEDA88E5-9428-45C0-83BA-65D056F91068}.Ad-Hoc|Any CPU.Deploy.0 = Release|x86
		{CEDA88E5-9428-45C0-83BA-65D056F91068}.Ad-Hoc|ARM.ActiveCfg = Release|ARM
		{CEDA88E5-9428-45C0-83BA-65D056F91068}.Ad-Hoc|ARM.Build.0 = Release|ARM
		{CEDA88E5-9428-45C0-83BA-65D056F91068}.Ad-Hoc|ARM.Deploy.0 = Release|ARM
		{CEDA88E5-9428-45C0-83BA-65D056F91068}.Ad-Hoc|iPhone.ActiveCfg = Release|x86
		{CEDA88E5-9428-45C0-83BA-65D056F91068}.Ad-Hoc|iPhone.Build.0 = Release|x86
		{CEDA88E5-9428-45C0-83BA-65D056F91068}.Ad-Hoc|iPhone.Deploy.0 = Release|x86
		{CEDA88E5-9428-45C0-83BA-65D056F91068}.Ad-Hoc|iPhoneSimulator.ActiveCfg = Release|x86
		{CEDA88E5-9428-45C0-83BA-65D056F91068}.Ad-Hoc|iPhoneSimulator.Build.0 = Release|x86
		{CEDA88E5-9428-45C0-83BA-65D056F91068}.Ad-Hoc|iPhoneSimulator.Deploy.0 = Release|x86
		{CEDA88E5-9428-45C0-83BA-65D056F91068}.Ad-Hoc|x64.ActiveCfg = Release|x64
		{CEDA88E5-9428-45C0-83BA-65D056F91068}.Ad-Hoc|x64.Build.0 = Release|x64
		{CEDA88E5-9428-45C0-83BA-65D056F91068}.Ad-Hoc|x64.Deploy.0 = Release|x64
		{CEDA88E5-9428-45C0-83BA-65D056F91068}.Ad-Hoc|x86.ActiveCfg = Release|x86
		{CEDA88E5-9428-45C0-83BA-65D056F91068}.Ad-Hoc|x86.Build.0 = Release|x86
		{CEDA88E5-9428-45C0-83BA-65D056F91068}.Ad-Hoc|x86.Deploy.0 = Release|x86
		{CEDA88E5-9428-45C0-83BA-65D056F91068}.AppStore|Any CPU.ActiveCfg = Release|x86
		{CEDA88E5-9428-45C0-83BA-65D056F91068}.AppStore|Any CPU.Build.0 = Release|x86
		{CEDA88E5-9428-45C0-83BA-65D056F91068}.AppStore|Any CPU.Deploy.0 = Release|x86
		{CEDA88E5-9428-45C0-83BA-65D056F91068}.AppStore|ARM.ActiveCfg = Release|ARM
		{CEDA88E5-9428-45C0-83BA-65D056F91068}.AppStore|ARM.Build.0 = Release|ARM
		{CEDA88E5-9428-45C0-83BA-65D056F91068}.AppStore|ARM.Deploy.0 = Release|ARM
		{CEDA88E5-9428-45C0-83BA-65D056F91068}.AppStore|iPhone.ActiveCfg = Release|x86
		{CEDA88E5-9428-45C0-83BA-65D056F91068}.AppStore|iPhone.Build.0 = Release|x86
		{CEDA88E5-9428-45C0-83BA-65D056F91068}.AppStore|iPhone.Deploy.0 = Release|x86
		{CEDA88E5-9428-45C0-83BA-65D056F91068}.AppStore|iPhoneSimulator.ActiveCfg = Release|x86
		{CEDA88E5-9428-45C0-83BA-65D056F91068}.AppStore|iPhoneSimulator.Build.0 = Release|x86
		{CEDA88E5-9428-45C0-83BA-65D056F91068}.AppStore|iPhoneSimulator.Deploy.0 = Release|x86
		{CEDA88E5-9428-45C0-83BA-65D056F91068}.AppStore|x64.ActiveCfg = Release|x64
		{CEDA88E5-9428-45C0-83BA-65D056F91068}.AppStore|x64.Build.0 = Release|x64
		{CEDA88E5-9428-45C0-83BA-65D056F91068}.AppStore|x64.Deploy.0 = Release|x64
		{CEDA88E5-9428-45C0-83BA-65D056F91068}.AppStore|x86.ActiveCfg = Release|x86
		{CEDA88E5-9428-45C0-83BA-65D056F91068}.AppStore|x86.Build.0 = Release|x86
		{CEDA88E5-9428-45C0-83BA-65D056F91068}.AppStore|x86.Deploy.0 = Release|x86
		{CEDA88E5-9428-45C0-83BA-65D056F91068}.Debug|Any CPU.ActiveCfg = Debug|x86
		{CEDA88E5-9428-45C0-83BA-65D056F91068}.Debug|Any CPU.Build.0 = Debug|x86
		{CEDA88E5-9428-45C0-83BA-65D056F91068}.Debug|Any CPU.Deploy.0 = Debug|x86
		{CEDA88E5-9428-45C0-83BA-65D056F91068}.Debug|ARM.ActiveCfg = Debug|ARM
		{CEDA88E5-9428-45C0-83BA-65D056F91068}.Debug|ARM.Build.0 = Debug|ARM
		{CEDA88E5-9428-45C0-83BA-65D056F91068}.Debug|ARM.Deploy.0 = Debug|ARM
		{CEDA88E5-9428-45C0-83BA-65D056F91068}.Debug|iPhone.ActiveCfg = Debug|x86
		{CEDA88E5-9428-45C0-83BA-65D056F91068}.Debug|iPhone.Build.0 = Debug|x86
		{CEDA88E5-9428-45C0-83BA-65D056F91068}.Debug|iPhone.Deploy.0 = Debug|x86
		{CEDA88E5-9428-45C0-83BA-65D056F91068}.Debug|iPhoneSimulator.ActiveCfg = Debug|x86
		{CEDA88E5-9428-45C0-83BA-65D056F91068}.Debug|iPhoneSimulator.Build.0 = Debug|x86
		{CEDA88E5-9428-45C0-83BA-65D056F91068}.Debug|iPhoneSimulator.Deploy.0 = Debug|x86
		{CEDA88E5-9428-45C0-83BA-65D056F91068}.Debug|x64.ActiveCfg = Debug|x64
		{CEDA88E5-9428-45C0-83BA-65D056F91068}.Debug|x64.Build.0 = Debug|x64
		{CEDA88E5-9428-45C0-83BA-65D056F91068}.Debug|x64.Deploy.0 = Debug|x64
		{CEDA88E5-9428-45C0-83BA-65D056F91068}.Debug|x86.ActiveCfg = Debug|x86
		{CEDA88E5-9428-45C0-83BA-65D056F91068}.Debug|x86.Build.0 = Debug|x86
		{CEDA88E5-9428-45C0-83BA-65D056F91068}.Debug|x86.Deploy.0 = Debug|x86
		{CEDA88E5-9428-45C0-83BA-65D056F91068}.Release|Any CPU.ActiveCfg = Release|x86
		{CEDA88E5-9428-45C0-83BA-65D056F91068}.Release|Any CPU.Build.0 = Release|x86
		{CEDA88E5-9428-45C0-83BA-65D056F91068}.Release|Any CPU.Deploy.0 = Release|x86
		{CEDA88E5-9428-45C0-83BA-65D056F91068}.Release|ARM.ActiveCfg = Release|ARM
		{CEDA88E5-9428-45C0-83BA-65D056F91068}.Release|ARM.Build.0 = Release|ARM
		{CEDA88E5-9428-45C0-83BA-65D056F91068}.Release|ARM.Deploy.0 = Release|ARM
		{CEDA88E5-9428-45C0-83BA-65D056F91068}.Release|iPhone.ActiveCfg = Release|x86
		{CEDA88E5-9428-45C0-83BA-65D056F91068}.Release|iPhone.Build.0 = Release|x86
		{CEDA88E5-9428-45C0-83BA-65D056F91068}.Release|iPhone.Deploy.0 = Release|x86
		{CEDA88E5-9428-45C0-83BA-65D056F91068}.Release|iPhoneSimulator.ActiveCfg = Release|x86
		{CEDA88E5-9428-45C0-83BA-65D056F91068}.Release|iPhoneSimulator.Build.0 = Release|x86
		{CEDA88E5-9428-45C0-83BA-65D056F91068}.Release|iPhoneSimulator.Deploy.0 = Release|x86
		{CEDA88E5-9428-45C0-83BA-65D056F91068}.Release|x64.ActiveCfg = Release|x64
		{CEDA88E5-9428-45C0-83BA-65D056F91068}.Release|x64.Build.0 = Release|x64
		{CEDA88E5-9428-45C0-83BA-65D056F91068}.Release|x64.Deploy.0 = Release|x64
		{CEDA88E5-9428-45C0-83BA-65D056F91068}.Release|x86.ActiveCfg = Release|x86
		{CEDA88E5-9428-45C0-83BA-65D056F91068}.Release|x86.Build.0 = Release|x86
		{CEDA88E5-9428-45C0-83BA-65D056F91068}.Release|x86.Deploy.0 = Release|x86
		{D470C952-BAC2-479E-B05B-BC784D13DCE3}.Ad-Hoc|Any CPU.ActiveCfg = Debug|Any CPU
		{D470C952-BAC2-479E-B05B-BC784D13DCE3}.Ad-Hoc|Any CPU.Build.0 = Debug|Any CPU
		{D470C952-BAC2-479E-B05B-BC784D13DCE3}.Ad-Hoc|Any CPU.Deploy.0 = Debug|Any CPU
		{D470C952-BAC2-479E-B05B-BC784D13DCE3}.Ad-Hoc|ARM.ActiveCfg = Debug|Any CPU
		{D470C952-BAC2-479E-B05B-BC784D13DCE3}.Ad-Hoc|ARM.Build.0 = Debug|Any CPU
		{D470C952-BAC2-479E-B05B-BC784D13DCE3}.Ad-Hoc|ARM.Deploy.0 = Debug|Any CPU
		{D470C952-BAC2-479E-B05B-BC784D13DCE3}.Ad-Hoc|iPhone.ActiveCfg = Debug|Any CPU
		{D470C952-BAC2-479E-B05B-BC784D13DCE3}.Ad-Hoc|iPhone.Build.0 = Debug|Any CPU
		{D470C952-BAC2-479E-B05B-BC784D13DCE3}.Ad-Hoc|iPhone.Deploy.0 = Debug|Any CPU
		{D470C952-BAC2-479E-B05B-BC784D13DCE3}.Ad-Hoc|iPhoneSimulator.ActiveCfg = Debug|Any CPU
		{D470C952-BAC2-479E-B05B-BC784D13DCE3}.Ad-Hoc|iPhoneSimulator.Build.0 = Debug|Any CPU
		{D470C952-BAC2-479E-B05B-BC784D13DCE3}.Ad-Hoc|iPhoneSimulator.Deploy.0 = Debug|Any CPU
		{D470C952-BAC2-479E-B05B-BC784D13DCE3}.Ad-Hoc|x64.ActiveCfg = Debug|Any CPU
		{D470C952-BAC2-479E-B05B-BC784D13DCE3}.Ad-Hoc|x64.Build.0 = Debug|Any CPU
		{D470C952-BAC2-479E-B05B-BC784D13DCE3}.Ad-Hoc|x64.Deploy.0 = Debug|Any CPU
		{D470C952-BAC2-479E-B05B-BC784D13DCE3}.Ad-Hoc|x86.ActiveCfg = Debug|Any CPU
		{D470C952-BAC2-479E-B05B-BC784D13DCE3}.Ad-Hoc|x86.Build.0 = Debug|Any CPU
		{D470C952-BAC2-479E-B05B-BC784D13DCE3}.Ad-Hoc|x86.Deploy.0 = Debug|Any CPU
		{D470C952-BAC2-479E-B05B-BC784D13DCE3}.AppStore|Any CPU.ActiveCfg = Debug|Any CPU
		{D470C952-BAC2-479E-B05B-BC784D13DCE3}.AppStore|Any CPU.Build.0 = Debug|Any CPU
		{D470C952-BAC2-479E-B05B-BC784D13DCE3}.AppStore|Any CPU.Deploy.0 = Debug|Any CPU
		{D470C952-BAC2-479E-B05B-BC784D13DCE3}.AppStore|ARM.ActiveCfg = Debug|Any CPU
		{D470C952-BAC2-479E-B05B-BC784D13DCE3}.AppStore|ARM.Build.0 = Debug|Any CPU
		{D470C952-BAC2-479E-B05B-BC784D13DCE3}.AppStore|ARM.Deploy.0 = Debug|Any CPU
		{D470C952-BAC2-479E-B05B-BC784D13DCE3}.AppStore|iPhone.ActiveCfg = Debug|Any CPU
		{D470C952-BAC2-479E-B05B-BC784D13DCE3}.AppStore|iPhone.Build.0 = Debug|Any CPU
		{D470C952-BAC2-479E-B05B-BC784D13DCE3}.AppStore|iPhone.Deploy.0 = Debug|Any CPU
		{D470C952-BAC2-479E-B05B-BC784D13DCE3}.AppStore|iPhoneSimulator.ActiveCfg = Debug|Any CPU
		{D470C952-BAC2-479E-B05B-BC784D13DCE3}.AppStore|iPhoneSimulator.Build.0 = Debug|Any CPU
		{D470C952-BAC2-479E-B05B-BC784D13DCE3}.AppStore|iPhoneSimulator.Deploy.0 = Debug|Any CPU
		{D470C952-BAC2-479E-B05B-BC784D13DCE3}.AppStore|x64.ActiveCfg = Debug|Any CPU
		{D470C952-BAC2-479E-B05B-BC784D13DCE3}.AppStore|x64.Build.0 = Debug|Any CPU
		{D470C952-BAC2-479E-B05B-BC784D13DCE3}.AppStore|x64.Deploy.0 = Debug|Any CPU
		{D470C952-BAC2-479E-B05B-BC784D13DCE3}.AppStore|x86.ActiveCfg = Debug|Any CPU
		{D470C952-BAC2-479E-B05B-BC784D13DCE3}.AppStore|x86.Build.0 = Debug|Any CPU
		{D470C952-BAC2-479E-B05B-BC784D13DCE3}.AppStore|x86.Deploy.0 = Debug|Any CPU
		{D470C952-BAC2-479E-B05B-BC784D13DCE3}.Debug|Any CPU.ActiveCfg = Debug|Any CPU
		{D470C952-BAC2-479E-B05B-BC784D13DCE3}.Debug|Any CPU.Build.0 = Debug|Any CPU
		{D470C952-BAC2-479E-B05B-BC784D13DCE3}.Debug|Any CPU.Deploy.0 = Debug|Any CPU
		{D470C952-BAC2-479E-B05B-BC784D13DCE3}.Debug|ARM.ActiveCfg = Debug|Any CPU
		{D470C952-BAC2-479E-B05B-BC784D13DCE3}.Debug|ARM.Build.0 = Debug|Any CPU
		{D470C952-BAC2-479E-B05B-BC784D13DCE3}.Debug|ARM.Deploy.0 = Debug|Any CPU
		{D470C952-BAC2-479E-B05B-BC784D13DCE3}.Debug|iPhone.ActiveCfg = Debug|Any CPU
		{D470C952-BAC2-479E-B05B-BC784D13DCE3}.Debug|iPhone.Build.0 = Debug|Any CPU
		{D470C952-BAC2-479E-B05B-BC784D13DCE3}.Debug|iPhone.Deploy.0 = Debug|Any CPU
		{D470C952-BAC2-479E-B05B-BC784D13DCE3}.Debug|iPhoneSimulator.ActiveCfg = Debug|Any CPU
		{D470C952-BAC2-479E-B05B-BC784D13DCE3}.Debug|iPhoneSimulator.Build.0 = Debug|Any CPU
		{D470C952-BAC2-479E-B05B-BC784D13DCE3}.Debug|iPhoneSimulator.Deploy.0 = Debug|Any CPU
		{D470C952-BAC2-479E-B05B-BC784D13DCE3}.Debug|x64.ActiveCfg = Debug|Any CPU
		{D470C952-BAC2-479E-B05B-BC784D13DCE3}.Debug|x64.Build.0 = Debug|Any CPU
		{D470C952-BAC2-479E-B05B-BC784D13DCE3}.Debug|x64.Deploy.0 = Debug|Any CPU
		{D470C952-BAC2-479E-B05B-BC784D13DCE3}.Debug|x86.ActiveCfg = Debug|Any CPU
		{D470C952-BAC2-479E-B05B-BC784D13DCE3}.Debug|x86.Build.0 = Debug|Any CPU
		{D470C952-BAC2-479E-B05B-BC784D13DCE3}.Debug|x86.Deploy.0 = Debug|Any CPU
		{D470C952-BAC2-479E-B05B-BC784D13DCE3}.Release|Any CPU.ActiveCfg = Release|Any CPU
		{D470C952-BAC2-479E-B05B-BC784D13DCE3}.Release|Any CPU.Build.0 = Release|Any CPU
		{D470C952-BAC2-479E-B05B-BC784D13DCE3}.Release|Any CPU.Deploy.0 = Release|Any CPU
		{D470C952-BAC2-479E-B05B-BC784D13DCE3}.Release|ARM.ActiveCfg = Release|Any CPU
		{D470C952-BAC2-479E-B05B-BC784D13DCE3}.Release|ARM.Build.0 = Release|Any CPU
		{D470C952-BAC2-479E-B05B-BC784D13DCE3}.Release|ARM.Deploy.0 = Release|Any CPU
		{D470C952-BAC2-479E-B05B-BC784D13DCE3}.Release|iPhone.ActiveCfg = Release|Any CPU
		{D470C952-BAC2-479E-B05B-BC784D13DCE3}.Release|iPhone.Build.0 = Release|Any CPU
		{D470C952-BAC2-479E-B05B-BC784D13DCE3}.Release|iPhone.Deploy.0 = Release|Any CPU
		{D470C952-BAC2-479E-B05B-BC784D13DCE3}.Release|iPhoneSimulator.ActiveCfg = Release|Any CPU
		{D470C952-BAC2-479E-B05B-BC784D13DCE3}.Release|iPhoneSimulator.Build.0 = Release|Any CPU
		{D470C952-BAC2-479E-B05B-BC784D13DCE3}.Release|iPhoneSimulator.Deploy.0 = Release|Any CPU
		{D470C952-BAC2-479E-B05B-BC784D13DCE3}.Release|x64.ActiveCfg = Release|Any CPU
		{D470C952-BAC2-479E-B05B-BC784D13DCE3}.Release|x64.Build.0 = Release|Any CPU
		{D470C952-BAC2-479E-B05B-BC784D13DCE3}.Release|x64.Deploy.0 = Release|Any CPU
		{D470C952-BAC2-479E-B05B-BC784D13DCE3}.Release|x86.ActiveCfg = Release|Any CPU
		{D470C952-BAC2-479E-B05B-BC784D13DCE3}.Release|x86.Build.0 = Release|Any CPU
		{D470C952-BAC2-479E-B05B-BC784D13DCE3}.Release|x86.Deploy.0 = Release|Any CPU
	EndGlobalSection
	GlobalSection(SolutionProperties) = preSolution
		HideSolutionNode = FALSE
	EndGlobalSection
	GlobalSection(ExtensibilityGlobals) = postSolution
		SolutionGuid = {10C0E364-ED70-4B60-ABDE-C3B11E7EEE30}
	EndGlobalSection
EndGlobal
